// !$*UTF8*$!
{
	archiveVersion = 1;
	classes = {
	};
	objectVersion = 50;
	objects = {

/* Begin PBXBuildFile section */
		2499F83C235777F20006908C /* AppDelegate.swift in Sources */ = {isa = PBXBuildFile; fileRef = 2499F83B235777F20006908C /* AppDelegate.swift */; };
		2499F83E235777F20006908C /* SceneDelegate.swift in Sources */ = {isa = PBXBuildFile; fileRef = 2499F83D235777F20006908C /* SceneDelegate.swift */; };
		2499F840235777F20006908C /* ContentView.swift in Sources */ = {isa = PBXBuildFile; fileRef = 2499F83F235777F20006908C /* ContentView.swift */; };
		2499F842235777F30006908C /* Assets.xcassets in Resources */ = {isa = PBXBuildFile; fileRef = 2499F841235777F30006908C /* Assets.xcassets */; };
		2499F845235777F30006908C /* Preview Assets.xcassets in Resources */ = {isa = PBXBuildFile; fileRef = 2499F844235777F30006908C /* Preview Assets.xcassets */; };
		2499F848235777F30006908C /* LaunchScreen.storyboard in Resources */ = {isa = PBXBuildFile; fileRef = 2499F846235777F30006908C /* LaunchScreen.storyboard */; };
		2499F86D2357B0EF0006908C /* FrameworkDemo.h in Headers */ = {isa = PBXBuildFile; fileRef = 2499F86B2357B0EF0006908C /* FrameworkDemo.h */; settings = {ATTRIBUTES = (Public, ); }; };
		2499F8702357B0EF0006908C /* FrameworkDemo.framework in Frameworks */ = {isa = PBXBuildFile; fileRef = 2499F8692357B0EF0006908C /* FrameworkDemo.framework */; };
		2499F8712357B0EF0006908C /* FrameworkDemo.framework in Embed Frameworks */ = {isa = PBXBuildFile; fileRef = 2499F8692357B0EF0006908C /* FrameworkDemo.framework */; settings = {ATTRIBUTES = (CodeSignOnCopy, RemoveHeadersOnCopy, ); }; };
		2499F8752357B1290006908C /* FrameworkMethods.swift in Sources */ = {isa = PBXBuildFile; fileRef = 2499F8612357AE3F0006908C /* FrameworkMethods.swift */; };
		7B3E279B0306FB89764A20E3 /* Pods_demo.framework in Frameworks */ = {isa = PBXBuildFile; fileRef = 793B97E661CDADEED35F01BC /* Pods_demo.framework */; };
		B7A3453CB3468B7C42447E4C /* Pods_FrameworkDemo.framework in Frameworks */ = {isa = PBXBuildFile; fileRef = AC22DA3815635882613CAC22 /* Pods_FrameworkDemo.framework */; };
/* End PBXBuildFile section */

/* Begin PBXContainerItemProxy section */
		2499F86E2357B0EF0006908C /* PBXContainerItemProxy */ = {
			isa = PBXContainerItemProxy;
			containerPortal = 2499F830235777F20006908C /* Project object */;
			proxyType = 1;
			remoteGlobalIDString = 2499F8682357B0EF0006908C;
			remoteInfo = FrameworkDemo;
		};
/* End PBXContainerItemProxy section */

/* Begin PBXCopyFilesBuildPhase section */
		2499F860235779EF0006908C /* Embed Frameworks */ = {
			isa = PBXCopyFilesBuildPhase;
			buildActionMask = 2147483647;
			dstPath = "";
			dstSubfolderSpec = 10;
			files = (
				2499F8712357B0EF0006908C /* FrameworkDemo.framework in Embed Frameworks */,
			);
			name = "Embed Frameworks";
			runOnlyForDeploymentPostprocessing = 0;
		};
/* End PBXCopyFilesBuildPhase section */

/* Begin PBXFileReference section */
		132482E1DBC01A38AB64D4D8 /* Pods-FrameworkDemo.release.xcconfig */ = {isa = PBXFileReference; includeInIndex = 1; lastKnownFileType = text.xcconfig; name = "Pods-FrameworkDemo.release.xcconfig"; path = "Target Support Files/Pods-FrameworkDemo/Pods-FrameworkDemo.release.xcconfig"; sourceTree = "<group>"; };
		1D94B0613307E92B06CC075D /* Pods-FrameworkDemo.debug.xcconfig */ = {isa = PBXFileReference; includeInIndex = 1; lastKnownFileType = text.xcconfig; name = "Pods-FrameworkDemo.debug.xcconfig"; path = "Target Support Files/Pods-FrameworkDemo/Pods-FrameworkDemo.debug.xcconfig"; sourceTree = "<group>"; };
		2499F838235777F20006908C /* demo.app */ = {isa = PBXFileReference; explicitFileType = wrapper.application; includeInIndex = 0; path = demo.app; sourceTree = BUILT_PRODUCTS_DIR; };
		2499F83B235777F20006908C /* AppDelegate.swift */ = {isa = PBXFileReference; lastKnownFileType = sourcecode.swift; path = AppDelegate.swift; sourceTree = "<group>"; };
		2499F83D235777F20006908C /* SceneDelegate.swift */ = {isa = PBXFileReference; lastKnownFileType = sourcecode.swift; path = SceneDelegate.swift; sourceTree = "<group>"; };
		2499F83F235777F20006908C /* ContentView.swift */ = {isa = PBXFileReference; lastKnownFileType = sourcecode.swift; path = ContentView.swift; sourceTree = "<group>"; };
		2499F841235777F30006908C /* Assets.xcassets */ = {isa = PBXFileReference; lastKnownFileType = folder.assetcatalog; path = Assets.xcassets; sourceTree = "<group>"; };
		2499F844235777F30006908C /* Preview Assets.xcassets */ = {isa = PBXFileReference; lastKnownFileType = folder.assetcatalog; path = "Preview Assets.xcassets"; sourceTree = "<group>"; };
		2499F847235777F30006908C /* Base */ = {isa = PBXFileReference; lastKnownFileType = file.storyboard; name = Base; path = Base.lproj/LaunchScreen.storyboard; sourceTree = "<group>"; };
		2499F849235777F30006908C /* Info.plist */ = {isa = PBXFileReference; lastKnownFileType = text.plist.xml; path = Info.plist; sourceTree = "<group>"; };
		2499F8612357AE3F0006908C /* FrameworkMethods.swift */ = {isa = PBXFileReference; lastKnownFileType = sourcecode.swift; path = FrameworkMethods.swift; sourceTree = "<group>"; };
		2499F8692357B0EF0006908C /* FrameworkDemo.framework */ = {isa = PBXFileReference; explicitFileType = wrapper.framework; includeInIndex = 0; path = FrameworkDemo.framework; sourceTree = BUILT_PRODUCTS_DIR; };
		2499F86B2357B0EF0006908C /* FrameworkDemo.h */ = {isa = PBXFileReference; lastKnownFileType = sourcecode.c.h; path = FrameworkDemo.h; sourceTree = "<group>"; };
		2499F86C2357B0EF0006908C /* Info.plist */ = {isa = PBXFileReference; lastKnownFileType = text.plist.xml; path = Info.plist; sourceTree = "<group>"; };
		793B97E661CDADEED35F01BC /* Pods_demo.framework */ = {isa = PBXFileReference; explicitFileType = wrapper.framework; includeInIndex = 0; path = Pods_demo.framework; sourceTree = BUILT_PRODUCTS_DIR; };
		AC22DA3815635882613CAC22 /* Pods_FrameworkDemo.framework */ = {isa = PBXFileReference; explicitFileType = wrapper.framework; includeInIndex = 0; path = Pods_FrameworkDemo.framework; sourceTree = BUILT_PRODUCTS_DIR; };
		D93A580C137A1CF421C0CF2C /* Pods-demo.debug.xcconfig */ = {isa = PBXFileReference; includeInIndex = 1; lastKnownFileType = text.xcconfig; name = "Pods-demo.debug.xcconfig"; path = "Target Support Files/Pods-demo/Pods-demo.debug.xcconfig"; sourceTree = "<group>"; };
		DFD4A00FDAE27316773B0076 /* Pods-demo.release.xcconfig */ = {isa = PBXFileReference; includeInIndex = 1; lastKnownFileType = text.xcconfig; name = "Pods-demo.release.xcconfig"; path = "Target Support Files/Pods-demo/Pods-demo.release.xcconfig"; sourceTree = "<group>"; };
/* End PBXFileReference section */

/* Begin PBXFrameworksBuildPhase section */
		2499F835235777F20006908C /* Frameworks */ = {
			isa = PBXFrameworksBuildPhase;
			buildActionMask = 2147483647;
			files = (
				2499F8702357B0EF0006908C /* FrameworkDemo.framework in Frameworks */,
				7B3E279B0306FB89764A20E3 /* Pods_demo.framework in Frameworks */,
			);
			runOnlyForDeploymentPostprocessing = 0;
		};
		2499F8662357B0EF0006908C /* Frameworks */ = {
			isa = PBXFrameworksBuildPhase;
			buildActionMask = 2147483647;
			files = (
				B7A3453CB3468B7C42447E4C /* Pods_FrameworkDemo.framework in Frameworks */,
			);
			runOnlyForDeploymentPostprocessing = 0;
		};
/* End PBXFrameworksBuildPhase section */

/* Begin PBXGroup section */
		2499F82F235777F20006908C = {
			isa = PBXGroup;
			children = (
				2499F83A235777F20006908C /* demo */,
				2499F86A2357B0EF0006908C /* FrameworkDemo */,
				2499F839235777F20006908C /* Products */,
				58D97CCE1F58EF5F58E56AC6 /* Pods */,
				8E220240B1B5F1624285B23B /* Frameworks */,
			);
			sourceTree = "<group>";
		};
		2499F839235777F20006908C /* Products */ = {
			isa = PBXGroup;
			children = (
				2499F838235777F20006908C /* demo.app */,
				2499F8692357B0EF0006908C /* FrameworkDemo.framework */,
			);
			name = Products;
			sourceTree = "<group>";
		};
		2499F83A235777F20006908C /* demo */ = {
			isa = PBXGroup;
			children = (
				2499F83B235777F20006908C /* AppDelegate.swift */,
				2499F83D235777F20006908C /* SceneDelegate.swift */,
				2499F83F235777F20006908C /* ContentView.swift */,
				2499F841235777F30006908C /* Assets.xcassets */,
				2499F846235777F30006908C /* LaunchScreen.storyboard */,
				2499F849235777F30006908C /* Info.plist */,
				2499F843235777F30006908C /* Preview Content */,
			);
			path = demo;
			sourceTree = "<group>";
		};
		2499F843235777F30006908C /* Preview Content */ = {
			isa = PBXGroup;
			children = (
				2499F844235777F30006908C /* Preview Assets.xcassets */,
			);
			path = "Preview Content";
			sourceTree = "<group>";
		};
		2499F86A2357B0EF0006908C /* FrameworkDemo */ = {
			isa = PBXGroup;
			children = (
				2499F8612357AE3F0006908C /* FrameworkMethods.swift */,
				2499F86B2357B0EF0006908C /* FrameworkDemo.h */,
				2499F86C2357B0EF0006908C /* Info.plist */,
			);
			path = FrameworkDemo;
			sourceTree = "<group>";
		};
		58D97CCE1F58EF5F58E56AC6 /* Pods */ = {
			isa = PBXGroup;
			children = (
				1D94B0613307E92B06CC075D /* Pods-FrameworkDemo.debug.xcconfig */,
				132482E1DBC01A38AB64D4D8 /* Pods-FrameworkDemo.release.xcconfig */,
				D93A580C137A1CF421C0CF2C /* Pods-demo.debug.xcconfig */,
				DFD4A00FDAE27316773B0076 /* Pods-demo.release.xcconfig */,
			);
			name = Pods;
			path = Pods;
			sourceTree = "<group>";
		};
		8E220240B1B5F1624285B23B /* Frameworks */ = {
			isa = PBXGroup;
			children = (
				AC22DA3815635882613CAC22 /* Pods_FrameworkDemo.framework */,
				793B97E661CDADEED35F01BC /* Pods_demo.framework */,
			);
			name = Frameworks;
			sourceTree = "<group>";
		};
/* End PBXGroup section */

/* Begin PBXHeadersBuildPhase section */
		2499F8642357B0EF0006908C /* Headers */ = {
			isa = PBXHeadersBuildPhase;
			buildActionMask = 2147483647;
			files = (
				2499F86D2357B0EF0006908C /* FrameworkDemo.h in Headers */,
			);
			runOnlyForDeploymentPostprocessing = 0;
		};
/* End PBXHeadersBuildPhase section */

/* Begin PBXNativeTarget section */
		2499F837235777F20006908C /* demo */ = {
			isa = PBXNativeTarget;
			buildConfigurationList = 2499F84C235777F30006908C /* Build configuration list for PBXNativeTarget "demo" */;
			buildPhases = (
				F7CC076A89710A63AC62C24E /* [CP] Check Pods Manifest.lock */,
				2499F834235777F20006908C /* Sources */,
				2499F835235777F20006908C /* Frameworks */,
				2499F836235777F20006908C /* Resources */,
				2499F860235779EF0006908C /* Embed Frameworks */,
				DAB0E87E5F0B4F7781D66511 /* [CP] Embed Pods Frameworks */,
			);
			buildRules = (
			);
			dependencies = (
				2499F86F2357B0EF0006908C /* PBXTargetDependency */,
			);
			name = demo;
			productName = demo;
			productReference = 2499F838235777F20006908C /* demo.app */;
			productType = "com.apple.product-type.application";
		};
		2499F8682357B0EF0006908C /* FrameworkDemo */ = {
			isa = PBXNativeTarget;
			buildConfigurationList = 2499F8722357B0EF0006908C /* Build configuration list for PBXNativeTarget "FrameworkDemo" */;
			buildPhases = (
				5ECA1B9C0728AA7872A9E422 /* [CP] Check Pods Manifest.lock */,
				2499F8642357B0EF0006908C /* Headers */,
				2499F8652357B0EF0006908C /* Sources */,
				2499F8662357B0EF0006908C /* Frameworks */,
				2499F8672357B0EF0006908C /* Resources */,
			);
			buildRules = (
			);
			dependencies = (
			);
			name = FrameworkDemo;
			productName = FrameworkDemo;
			productReference = 2499F8692357B0EF0006908C /* FrameworkDemo.framework */;
			productType = "com.apple.product-type.framework";
		};
/* End PBXNativeTarget section */

/* Begin PBXProject section */
		2499F830235777F20006908C /* Project object */ = {
			isa = PBXProject;
			attributes = {
				LastSwiftUpdateCheck = 1110;
				LastUpgradeCheck = 1110;
				ORGANIZATIONNAME = "daniel parra";
				TargetAttributes = {
					2499F837235777F20006908C = {
						CreatedOnToolsVersion = 11.1;
					};
					2499F8682357B0EF0006908C = {
						CreatedOnToolsVersion = 11.1;
					};
				};
			};
			buildConfigurationList = 2499F833235777F20006908C /* Build configuration list for PBXProject "demo" */;
			compatibilityVersion = "Xcode 9.3";
			developmentRegion = en;
			hasScannedForEncodings = 0;
			knownRegions = (
				en,
				Base,
			);
			mainGroup = 2499F82F235777F20006908C;
			productRefGroup = 2499F839235777F20006908C /* Products */;
			projectDirPath = "";
			projectRoot = "";
			targets = (
				2499F837235777F20006908C /* demo */,
				2499F8682357B0EF0006908C /* FrameworkDemo */,
			);
		};
/* End PBXProject section */

/* Begin PBXResourcesBuildPhase section */
		2499F836235777F20006908C /* Resources */ = {
			isa = PBXResourcesBuildPhase;
			buildActionMask = 2147483647;
			files = (
				2499F848235777F30006908C /* LaunchScreen.storyboard in Resources */,
				2499F845235777F30006908C /* Preview Assets.xcassets in Resources */,
				2499F842235777F30006908C /* Assets.xcassets in Resources */,
			);
			runOnlyForDeploymentPostprocessing = 0;
		};
		2499F8672357B0EF0006908C /* Resources */ = {
			isa = PBXResourcesBuildPhase;
			buildActionMask = 2147483647;
			files = (
			);
			runOnlyForDeploymentPostprocessing = 0;
		};
/* End PBXResourcesBuildPhase section */

/* Begin PBXShellScriptBuildPhase section */
		5ECA1B9C0728AA7872A9E422 /* [CP] Check Pods Manifest.lock */ = {
			isa = PBXShellScriptBuildPhase;
			buildActionMask = 2147483647;
			files = (
			);
			inputFileListPaths = (
			);
			inputPaths = (
				"${PODS_PODFILE_DIR_PATH}/Podfile.lock",
				"${PODS_ROOT}/Manifest.lock",
			);
			name = "[CP] Check Pods Manifest.lock";
			outputFileListPaths = (
			);
			outputPaths = (
				"$(DERIVED_FILE_DIR)/Pods-FrameworkDemo-checkManifestLockResult.txt",
			);
			runOnlyForDeploymentPostprocessing = 0;
			shellPath = /bin/sh;
			shellScript = "diff \"${PODS_PODFILE_DIR_PATH}/Podfile.lock\" \"${PODS_ROOT}/Manifest.lock\" > /dev/null\nif [ $? != 0 ] ; then\n    # print error to STDERR\n    echo \"error: The sandbox is not in sync with the Podfile.lock. Run 'pod install' or update your CocoaPods installation.\" >&2\n    exit 1\nfi\n# This output is used by Xcode 'outputs' to avoid re-running this script phase.\necho \"SUCCESS\" > \"${SCRIPT_OUTPUT_FILE_0}\"\n";
			showEnvVarsInLog = 0;
		};
		DAB0E87E5F0B4F7781D66511 /* [CP] Embed Pods Frameworks */ = {
			isa = PBXShellScriptBuildPhase;
			buildActionMask = 2147483647;
			files = (
			);
			inputFileListPaths = (
				"${PODS_ROOT}/Target Support Files/Pods-demo/Pods-demo-frameworks-${CONFIGURATION}-input-files.xcfilelist",
			);
			name = "[CP] Embed Pods Frameworks";
			outputFileListPaths = (
				"${PODS_ROOT}/Target Support Files/Pods-demo/Pods-demo-frameworks-${CONFIGURATION}-output-files.xcfilelist",
			);
			runOnlyForDeploymentPostprocessing = 0;
			shellPath = /bin/sh;
			shellScript = "\"${PODS_ROOT}/Target Support Files/Pods-demo/Pods-demo-frameworks.sh\"\n";
			showEnvVarsInLog = 0;
		};
		F7CC076A89710A63AC62C24E /* [CP] Check Pods Manifest.lock */ = {
			isa = PBXShellScriptBuildPhase;
			buildActionMask = 2147483647;
			files = (
			);
			inputFileListPaths = (
			);
			inputPaths = (
				"${PODS_PODFILE_DIR_PATH}/Podfile.lock",
				"${PODS_ROOT}/Manifest.lock",
			);
			name = "[CP] Check Pods Manifest.lock";
			outputFileListPaths = (
			);
			outputPaths = (
				"$(DERIVED_FILE_DIR)/Pods-demo-checkManifestLockResult.txt",
			);
			runOnlyForDeploymentPostprocessing = 0;
			shellPath = /bin/sh;
			shellScript = "diff \"${PODS_PODFILE_DIR_PATH}/Podfile.lock\" \"${PODS_ROOT}/Manifest.lock\" > /dev/null\nif [ $? != 0 ] ; then\n    # print error to STDERR\n    echo \"error: The sandbox is not in sync with the Podfile.lock. Run 'pod install' or update your CocoaPods installation.\" >&2\n    exit 1\nfi\n# This output is used by Xcode 'outputs' to avoid re-running this script phase.\necho \"SUCCESS\" > \"${SCRIPT_OUTPUT_FILE_0}\"\n";
			showEnvVarsInLog = 0;
		};
/* End PBXShellScriptBuildPhase section */

/* Begin PBXSourcesBuildPhase section */
		2499F834235777F20006908C /* Sources */ = {
			isa = PBXSourcesBuildPhase;
			buildActionMask = 2147483647;
			files = (
				2499F83C235777F20006908C /* AppDelegate.swift in Sources */,
				2499F83E235777F20006908C /* SceneDelegate.swift in Sources */,
				2499F840235777F20006908C /* ContentView.swift in Sources */,
			);
			runOnlyForDeploymentPostprocessing = 0;
		};
		2499F8652357B0EF0006908C /* Sources */ = {
			isa = PBXSourcesBuildPhase;
			buildActionMask = 2147483647;
			files = (
				2499F8752357B1290006908C /* FrameworkMethods.swift in Sources */,
			);
			runOnlyForDeploymentPostprocessing = 0;
		};
/* End PBXSourcesBuildPhase section */

/* Begin PBXTargetDependency section */
		2499F86F2357B0EF0006908C /* PBXTargetDependency */ = {
			isa = PBXTargetDependency;
			target = 2499F8682357B0EF0006908C /* FrameworkDemo */;
			targetProxy = 2499F86E2357B0EF0006908C /* PBXContainerItemProxy */;
		};
/* End PBXTargetDependency section */

/* Begin PBXVariantGroup section */
		2499F846235777F30006908C /* LaunchScreen.storyboard */ = {
			isa = PBXVariantGroup;
			children = (
				2499F847235777F30006908C /* Base */,
			);
			name = LaunchScreen.storyboard;
			sourceTree = "<group>";
		};
/* End PBXVariantGroup section */

/* Begin XCBuildConfiguration section */
		2499F84A235777F30006908C /* Debug */ = {
			isa = XCBuildConfiguration;
			buildSettings = {
				ALWAYS_SEARCH_USER_PATHS = NO;
				CLANG_ANALYZER_NONNULL = YES;
				CLANG_ANALYZER_NUMBER_OBJECT_CONVERSION = YES_AGGRESSIVE;
				CLANG_CXX_LANGUAGE_STANDARD = "gnu++14";
				CLANG_CXX_LIBRARY = "libc++";
				CLANG_ENABLE_MODULES = YES;
				CLANG_ENABLE_OBJC_ARC = YES;
				CLANG_ENABLE_OBJC_WEAK = YES;
				CLANG_WARN_BLOCK_CAPTURE_AUTORELEASING = YES;
				CLANG_WARN_BOOL_CONVERSION = YES;
				CLANG_WARN_COMMA = YES;
				CLANG_WARN_CONSTANT_CONVERSION = YES;
				CLANG_WARN_DEPRECATED_OBJC_IMPLEMENTATIONS = YES;
				CLANG_WARN_DIRECT_OBJC_ISA_USAGE = YES_ERROR;
				CLANG_WARN_DOCUMENTATION_COMMENTS = YES;
				CLANG_WARN_EMPTY_BODY = YES;
				CLANG_WARN_ENUM_CONVERSION = YES;
				CLANG_WARN_INFINITE_RECURSION = YES;
				CLANG_WARN_INT_CONVERSION = YES;
				CLANG_WARN_NON_LITERAL_NULL_CONVERSION = YES;
				CLANG_WARN_OBJC_IMPLICIT_RETAIN_SELF = YES;
				CLANG_WARN_OBJC_LITERAL_CONVERSION = YES;
				CLANG_WARN_OBJC_ROOT_CLASS = YES_ERROR;
				CLANG_WARN_RANGE_LOOP_ANALYSIS = YES;
				CLANG_WARN_STRICT_PROTOTYPES = YES;
				CLANG_WARN_SUSPICIOUS_MOVE = YES;
				CLANG_WARN_UNGUARDED_AVAILABILITY = YES_AGGRESSIVE;
				CLANG_WARN_UNREACHABLE_CODE = YES;
				CLANG_WARN__DUPLICATE_METHOD_MATCH = YES;
				COPY_PHASE_STRIP = NO;
				DEBUG_INFORMATION_FORMAT = dwarf;
				ENABLE_STRICT_OBJC_MSGSEND = YES;
				ENABLE_TESTABILITY = YES;
				GCC_C_LANGUAGE_STANDARD = gnu11;
				GCC_DYNAMIC_NO_PIC = NO;
				GCC_NO_COMMON_BLOCKS = YES;
				GCC_OPTIMIZATION_LEVEL = 0;
				GCC_PREPROCESSOR_DEFINITIONS = (
					"DEBUG=1",
					"$(inherited)",
				);
				GCC_WARN_64_TO_32_BIT_CONVERSION = YES;
				GCC_WARN_ABOUT_RETURN_TYPE = YES_ERROR;
				GCC_WARN_UNDECLARED_SELECTOR = YES;
				GCC_WARN_UNINITIALIZED_AUTOS = YES_AGGRESSIVE;
				GCC_WARN_UNUSED_FUNCTION = YES;
				GCC_WARN_UNUSED_VARIABLE = YES;
				IPHONEOS_DEPLOYMENT_TARGET = 13.1;
				MTL_ENABLE_DEBUG_INFO = INCLUDE_SOURCE;
				MTL_FAST_MATH = YES;
				ONLY_ACTIVE_ARCH = YES;
				SDKROOT = iphoneos;
				SWIFT_ACTIVE_COMPILATION_CONDITIONS = DEBUG;
				SWIFT_OPTIMIZATION_LEVEL = "-Onone";
			};
			name = Debug;
		};
		2499F84B235777F30006908C /* Release */ = {
			isa = XCBuildConfiguration;
			buildSettings = {
				ALWAYS_SEARCH_USER_PATHS = NO;
				CLANG_ANALYZER_NONNULL = YES;
				CLANG_ANALYZER_NUMBER_OBJECT_CONVERSION = YES_AGGRESSIVE;
				CLANG_CXX_LANGUAGE_STANDARD = "gnu++14";
				CLANG_CXX_LIBRARY = "libc++";
				CLANG_ENABLE_MODULES = YES;
				CLANG_ENABLE_OBJC_ARC = YES;
				CLANG_ENABLE_OBJC_WEAK = YES;
				CLANG_WARN_BLOCK_CAPTURE_AUTORELEASING = YES;
				CLANG_WARN_BOOL_CONVERSION = YES;
				CLANG_WARN_COMMA = YES;
				CLANG_WARN_CONSTANT_CONVERSION = YES;
				CLANG_WARN_DEPRECATED_OBJC_IMPLEMENTATIONS = YES;
				CLANG_WARN_DIRECT_OBJC_ISA_USAGE = YES_ERROR;
				CLANG_WARN_DOCUMENTATION_COMMENTS = YES;
				CLANG_WARN_EMPTY_BODY = YES;
				CLANG_WARN_ENUM_CONVERSION = YES;
				CLANG_WARN_INFINITE_RECURSION = YES;
				CLANG_WARN_INT_CONVERSION = YES;
				CLANG_WARN_NON_LITERAL_NULL_CONVERSION = YES;
				CLANG_WARN_OBJC_IMPLICIT_RETAIN_SELF = YES;
				CLANG_WARN_OBJC_LITERAL_CONVERSION = YES;
				CLANG_WARN_OBJC_ROOT_CLASS = YES_ERROR;
				CLANG_WARN_RANGE_LOOP_ANALYSIS = YES;
				CLANG_WARN_STRICT_PROTOTYPES = YES;
				CLANG_WARN_SUSPICIOUS_MOVE = YES;
				CLANG_WARN_UNGUARDED_AVAILABILITY = YES_AGGRESSIVE;
				CLANG_WARN_UNREACHABLE_CODE = YES;
				CLANG_WARN__DUPLICATE_METHOD_MATCH = YES;
				COPY_PHASE_STRIP = NO;
				DEBUG_INFORMATION_FORMAT = "dwarf-with-dsym";
				ENABLE_NS_ASSERTIONS = NO;
				ENABLE_STRICT_OBJC_MSGSEND = YES;
				GCC_C_LANGUAGE_STANDARD = gnu11;
				GCC_NO_COMMON_BLOCKS = YES;
				GCC_WARN_64_TO_32_BIT_CONVERSION = YES;
				GCC_WARN_ABOUT_RETURN_TYPE = YES_ERROR;
				GCC_WARN_UNDECLARED_SELECTOR = YES;
				GCC_WARN_UNINITIALIZED_AUTOS = YES_AGGRESSIVE;
				GCC_WARN_UNUSED_FUNCTION = YES;
				GCC_WARN_UNUSED_VARIABLE = YES;
				IPHONEOS_DEPLOYMENT_TARGET = 13.1;
				MTL_ENABLE_DEBUG_INFO = NO;
				MTL_FAST_MATH = YES;
				SDKROOT = iphoneos;
				SWIFT_COMPILATION_MODE = wholemodule;
				SWIFT_OPTIMIZATION_LEVEL = "-O";
				VALIDATE_PRODUCT = YES;
			};
			name = Release;
		};
		2499F84D235777F30006908C /* Debug */ = {
			isa = XCBuildConfiguration;
			baseConfigurationReference = D93A580C137A1CF421C0CF2C /* Pods-demo.debug.xcconfig */;
			buildSettings = {
				ALWAYS_EMBED_SWIFT_STANDARD_LIBRARIES = YES;
				ASSETCATALOG_COMPILER_APPICON_NAME = AppIcon;
				CODE_SIGN_STYLE = Automatic;
				DEVELOPMENT_ASSET_PATHS = "\"demo/Preview Content\"";
				DEVELOPMENT_TEAM = W2U7ETVQ2D;
				ENABLE_PREVIEWS = YES;
				INFOPLIST_FILE = demo/Info.plist;
				LD_RUNPATH_SEARCH_PATHS = (
					"$(inherited)",
					"@executable_path/Frameworks",
				);
				PRODUCT_BUNDLE_IDENTIFIER = com.danialepaco.demo;
				PRODUCT_NAME = "$(TARGET_NAME)";
				SWIFT_VERSION = 5.0;
				TARGETED_DEVICE_FAMILY = "1,2";
			};
			name = Debug;
		};
		2499F84E235777F30006908C /* Release */ = {
			isa = XCBuildConfiguration;
			baseConfigurationReference = DFD4A00FDAE27316773B0076 /* Pods-demo.release.xcconfig */;
			buildSettings = {
				ALWAYS_EMBED_SWIFT_STANDARD_LIBRARIES = YES;
				ASSETCATALOG_COMPILER_APPICON_NAME = AppIcon;
				CODE_SIGN_STYLE = Automatic;
				DEVELOPMENT_ASSET_PATHS = "\"demo/Preview Content\"";
				DEVELOPMENT_TEAM = W2U7ETVQ2D;
				ENABLE_PREVIEWS = YES;
				INFOPLIST_FILE = demo/Info.plist;
				LD_RUNPATH_SEARCH_PATHS = (
					"$(inherited)",
					"@executable_path/Frameworks",
				);
				PRODUCT_BUNDLE_IDENTIFIER = com.danialepaco.demo;
				PRODUCT_NAME = "$(TARGET_NAME)";
				SWIFT_VERSION = 5.0;
				TARGETED_DEVICE_FAMILY = "1,2";
			};
			name = Release;
		};
		2499F8732357B0EF0006908C /* Debug */ = {
			isa = XCBuildConfiguration;
			baseConfigurationReference = 1D94B0613307E92B06CC075D /* Pods-FrameworkDemo.debug.xcconfig */;
			buildSettings = {
				CODE_SIGN_STYLE = Automatic;
				CURRENT_PROJECT_VERSION = 1;
				DEFINES_MODULE = YES;
				DEVELOPMENT_TEAM = W2U7ETVQ2D;
				DYLIB_COMPATIBILITY_VERSION = 1;
				DYLIB_CURRENT_VERSION = 1;
				DYLIB_INSTALL_NAME_BASE = "@rpath";
				INFOPLIST_FILE = FrameworkDemo/Info.plist;
				INSTALL_PATH = "$(LOCAL_LIBRARY_DIR)/Frameworks";
				LD_RUNPATH_SEARCH_PATHS = (
					"$(inherited)",
					"@executable_path/Frameworks",
					"@loader_path/Frameworks",
				);
				PRODUCT_BUNDLE_IDENTIFIER = com.danialepaco.FrameworkDemo;
				PRODUCT_NAME = "$(TARGET_NAME:c99extidentifier)";
				SKIP_INSTALL = YES;
				SWIFT_VERSION = 5.0;
				TARGETED_DEVICE_FAMILY = "1,2";
				VERSIONING_SYSTEM = "apple-generic";
				VERSION_INFO_PREFIX = "";
			};
			name = Debug;
		};
		2499F8742357B0EF0006908C /* Release */ = {
			isa = XCBuildConfiguration;
			baseConfigurationReference = 132482E1DBC01A38AB64D4D8 /* Pods-FrameworkDemo.release.xcconfig */;
			buildSettings = {
				CODE_SIGN_STYLE = Automatic;
				CURRENT_PROJECT_VERSION = 1;
				DEFINES_MODULE = YES;
				DEVELOPMENT_TEAM = W2U7ETVQ2D;
				DYLIB_COMPATIBILITY_VERSION = 1;
				DYLIB_CURRENT_VERSION = 1;
				DYLIB_INSTALL_NAME_BASE = "@rpath";
				INFOPLIST_FILE = FrameworkDemo/Info.plist;
				INSTALL_PATH = "$(LOCAL_LIBRARY_DIR)/Frameworks";
				LD_RUNPATH_SEARCH_PATHS = (
					"$(inherited)",
					"@executable_path/Frameworks",
					"@loader_path/Frameworks",
				);
				PRODUCT_BUNDLE_IDENTIFIER = com.danialepaco.FrameworkDemo;
				PRODUCT_NAME = "$(TARGET_NAME:c99extidentifier)";
				SKIP_INSTALL = YES;
				SWIFT_VERSION = 5.0;
				TARGETED_DEVICE_FAMILY = "1,2";
				VERSIONING_SYSTEM = "apple-generic";
				VERSION_INFO_PREFIX = "";
			};
			name = Release;
		};
/* End XCBuildConfiguration section */

/* Begin XCConfigurationList section */
		2499F833235777F20006908C /* Build configuration list for PBXProject "demo" */ = {
			isa = XCConfigurationList;
			buildConfigurations = (
				2499F84A235777F30006908C /* Debug */,
				2499F84B235777F30006908C /* Release */,
			);
			defaultConfigurationIsVisible = 0;
			defaultConfigurationName = Release;
		};
		2499F84C235777F30006908C /* Build configuration list for PBXNativeTarget "demo" */ = {
			isa = XCConfigurationList;
			buildConfigurations = (
				2499F84D235777F30006908C /* Debug */,
				2499F84E235777F30006908C /* Release */,
			);
			defaultConfigurationIsVisible = 0;
			defaultConfigurationName = Release;
		};
		2499F8722357B0EF0006908C /* Build configuration list for PBXNativeTarget "FrameworkDemo" */ = {
			isa = XCConfigurationList;
			buildConfigurations = (
				2499F8732357B0EF0006908C /* Debug */,
				2499F8742357B0EF0006908C /* Release */,
			);
			defaultConfigurationIsVisible = 0;
			defaultConfigurationName = Release;
		};
/* End XCConfigurationList section */
	};
	rootObject = 2499F830235777F20006908C /* Project object */;
}
